aiofiles==25.1.0
aiohappyeyeballs==2.7.1
aiohttp==3.14.4
aiosignal==1.4.0
annotated-types==0.8.0
anyio==4.15.1
attrs==26.1.0
audioop-lts==0.2.2
certifi==2026.7.22
cffi==2.1.1
charset-normalizer==3.5.2
colorama==0.4.6
docopt==0.6.2
docstring_parser==0.18.0
flatbuffers==25.12.19
frozenlist==1.8.0
h11==0.16.0
httpcore==1.0.9
httpcore2==2.13.1
httpx==0.28.1
httpx-sse==0.4.0
httpx2==2.13.1
idna==3.20
jiter==0.17.0
llvmlite==0.50.0
loguru==0.7.3
loudness==0.2.0
Markdown==3.11
mpmath==1.3.0
multidict==6.9.1
num2words==0.5.14
numba==0.68.0
numpy==2.5.3
onnxruntime==1.24.4
openai==3.26.0
packaging==26.3
pillow==12.3.0
pipecat-ai==1.12.0
propcache==0.5.4
protobuf==6.33.6
pycparser==3.0
pydantic==2.13.5
pydantic_core==2.46.5
python-dotenv==1.2.4
PyYAML==6.0.3
requests==2.34.2
resampy==0.4.3
sentencex==1.0.31
sniffio==1.3.1
sounddevice==0.5.3
soundfile==0.13.1
soxr==1.0.0
srt==3.5.3
sympy==1.14.0
tqdm==4.70.1
truststore==0.10.4
typing-inspection==0.4.4
typing_extensions==4.16.0
urllib3==2.8.0
vosk==0.3.45
sherpa-onnx==1.13.8
sherpa-onnx-core==1.13.8
websockets==17.2
win32_setctime==1.2.0
yarl==1.25.1
